
Microsoft Visual Studio Solution File, Format Version 12.00
# Visual Studio 15
VisualStudioVersion = 15.0.26424.2
MinimumVisualStudioVersion = 10.0.40219.1
Project("{8BC9CEB8-8B4A-11D0-8D11-00A0C91BC942}") = "AlgorithmDesignManual", "AlgorithmDesignManual\AlgorithmDesignManual.vcxproj", "{5A3DD8CF-44EF-4126-96DB-B17895791B79}"
EndProject
Project("{888888A0-9F3D-457C-B088-3A5042F75D52}") = "CrackingTheCode", "CrackingTheCode\CrackingTheCode.pyproj", "{5A491279-EB07-486E-B281-D219439AEA37}"
EndProject
Project("{888888A0-9F3D-457C-B088-3A5042F75D52}") = "HackerRank", "HackerRank\HackerRank.pyproj", "{8A25EDB3-D41B-4D57-B405-DCB3F06B6F5C}"
EndProject
Global
	GlobalSection(SolutionConfigurationPlatforms) = preSolution
		Debug|Any CPU = Debug|Any CPU
		Debug|x64 = Debug|x64
		Debug|x86 = Debug|x86
		Release|Any CPU = Release|Any CPU
		Release|x64 = Release|x64
		Release|x86 = Release|x86
	EndGlobalSection
	GlobalSection(ProjectConfigurationPlatforms) = postSolution
		{5A3DD8CF-44EF-4126-96DB-B17895791B79}.Debug|Any CPU.ActiveCfg = Debug|Win32
		{5A3DD8CF-44EF-4126-96DB-B17895791B79}.Debug|x64.ActiveCfg = Debug|x64
		{5A3DD8CF-44EF-4126-96DB-B17895791B79}.Debug|x64.Build.0 = Debug|x64
		{5A3DD8CF-44EF-4126-96DB-B17895791B79}.Debug|x86.ActiveCfg = Debug|Win32
		{5A3DD8CF-44EF-4126-96DB-B17895791B79}.Debug|x86.Build.0 = Debug|Win32
		{5A3DD8CF-44EF-4126-96DB-B17895791B79}.Release|Any CPU.ActiveCfg = Release|Win32
		{5A3DD8CF-44EF-4126-96DB-B17895791B79}.Release|x64.ActiveCfg = Release|x64
		{5A3DD8CF-44EF-4126-96DB-B17895791B79}.Release|x64.Build.0 = Release|x64
		{5A3DD8CF-44EF-4126-96DB-B17895791B79}.Release|x86.ActiveCfg = Release|Win32
		{5A3DD8CF-44EF-4126-96DB-B17895791B79}.Release|x86.Build.0 = Release|Win32
		{5A491279-EB07-486E-B281-D219439AEA37}.Debug|Any CPU.ActiveCfg = Debug|Any CPU
		{5A491279-EB07-486E-B281-D219439AEA37}.Debug|x64.ActiveCfg = Debug|Any CPU
		{5A491279-EB07-486E-B281-D219439AEA37}.Debug|x86.ActiveCfg = Debug|Any CPU
		{5A491279-EB07-486E-B281-D219439AEA37}.Release|Any CPU.ActiveCfg = Release|Any CPU
		{5A491279-EB07-486E-B281-D219439AEA37}.Release|x64.ActiveCfg = Release|Any CPU
		{5A491279-EB07-486E-B281-D219439AEA37}.Release|x86.ActiveCfg = Release|Any CPU
		{8A25EDB3-D41B-4D57-B405-DCB3F06B6F5C}.Debug|Any CPU.ActiveCfg = Debug|Any CPU
		{8A25EDB3-D41B-4D57-B405-DCB3F06B6F5C}.Debug|x64.ActiveCfg = Debug|Any CPU
		{8A25EDB3-D41B-4D57-B405-DCB3F06B6F5C}.Debug|x86.ActiveCfg = Debug|Any CPU
		{8A25EDB3-D41B-4D57-B405-DCB3F06B6F5C}.Release|Any CPU.ActiveCfg = Release|Any CPU
		{8A25EDB3-D41B-4D57-B405-DCB3F06B6F5C}.Release|x64.ActiveCfg = Release|Any CPU
		{8A25EDB3-D41B-4D57-B405-DCB3F06B6F5C}.Release|x86.ActiveCfg = Release|Any CPU
	EndGlobalSection
	GlobalSection(SolutionProperties) = preSolution
		HideSolutionNode = FALSE
	EndGlobalSection
EndGlobal
